
Microsoft Visual Studio Solution File, Format Version 12.00
# Visual Studio Version 17
VisualStudioVersion = 17.1.32414.318
MinimumVisualStudioVersion = 10.0.40219.1
Project("{9A19103F-16F7-4668-BE54-9A1E7A4F7556}") = "FancyBoxes", "src\FancyBoxes\FancyBoxes.csproj", "{23CB4D5A-5E36-464E-A353-CF26DA130BF4}"
EndProject
Project("{9A19103F-16F7-4668-BE54-9A1E7A4F7556}") = "FancyBoxes.UnitTests", "tests\FancyBoxes.UnitTests\FancyBoxes.UnitTests.csproj", "{4FA81823-5E8E-4248-A75F-EBBDB2044307}"
EndProject
Global
	GlobalSection(SolutionConfigurationPlatforms) = preSolution
		Debug|Any CPU = Debug|Any CPU
		Release|Any CPU = Release|Any CPU
	EndGlobalSection
	GlobalSection(ProjectConfigurationPlatforms) = postSolution
		{23CB4D5A-5E36-464E-A353-CF26DA130BF4}.Debug|Any CPU.ActiveCfg = Debug|Any CPU
		{23CB4D5A-5E36-464E-A353-CF26DA130BF4}.Debug|Any CPU.Build.0 = Debug|Any CPU
		{23CB4D5A-5E36-464E-A353-CF26DA130BF4}.Release|Any CPU.ActiveCfg = Release|Any CPU
		{23CB4D5A-5E36-464E-A353-CF26DA130BF4}.Release|Any CPU.Build.0 = Release|Any CPU
		{4FA81823-5E8E-4248-A75F-EBBDB2044307}.Debug|Any CPU.ActiveCfg = Debug|Any CPU
		{4FA81823-5E8E-4248-A75F-EBBDB2044307}.Debug|Any CPU.Build.0 = Debug|Any CPU
		{4FA81823-5E8E-4248-A75F-EBBDB2044307}.Release|Any CPU.ActiveCfg = Release|Any CPU
		{4FA81823-5E8E-4248-A75F-EBBDB2044307}.Release|Any CPU.Build.0 = Release|Any CPU
	EndGlobalSection
	GlobalSection(SolutionProperties) = preSolution
		HideSolutionNode = FALSE
	EndGlobalSection
	GlobalSection(ExtensibilityGlobals) = postSolution
		SolutionGuid = {D71BA9AD-656C-410D-BF34-C31C4875EC79}
	EndGlobalSection
EndGlobal
